
Microsoft Visual Studio Solution File, Format Version 12.00
# Visual Studio 15
VisualStudioVersion = 15.0.28307.438
MinimumVisualStudioVersion = 10.0.40219.1
Project("{FAE04EC0-301F-11D3-BF4B-00C04F79EFBC}") = "Weather.EndPoint", "Weather.EndPoint\Weather.EndPoint.csproj", "{7C098DFC-BF0D-420E-AF8D-F84AEA128C3C}"
EndProject
Global
	GlobalSection(SolutionConfigurationPlatforms) = preSolution
		Debug|Any CPU = Debug|Any CPU
		Release|Any CPU = Release|Any CPU
	EndGlobalSection
	GlobalSection(ProjectConfigurationPlatforms) = postSolution
		{7C098DFC-BF0D-420E-AF8D-F84AEA128C3C}.Debug|Any CPU.ActiveCfg = Debug|Any CPU
		{7C098DFC-BF0D-420E-AF8D-F84AEA128C3C}.Debug|Any CPU.Build.0 = Debug|Any CPU
		{7C098DFC-BF0D-420E-AF8D-F84AEA128C3C}.Release|Any CPU.ActiveCfg = Release|Any CPU
		{7C098DFC-BF0D-420E-AF8D-F84AEA128C3C}.Release|Any CPU.Build.0 = Release|Any CPU
	EndGlobalSection
	GlobalSection(SolutionProperties) = preSolution
		HideSolutionNode = FALSE
	EndGlobalSection
	GlobalSection(ExtensibilityGlobals) = postSolution
		SolutionGuid = {D71FAFA5-EBC2-4156-AD3B-AB7F5FEECD2E}
	EndGlobalSection
EndGlobal
